PODS:
  - Masonry (1.1.0)
  - RGCategory (0.0.7):
    - RGCategory/CALayer (= 0.0.7)
    - RGCategory/Extension_MAS (= 0.0.7)
    - RGCategory/NSArray (= 0.0.7)
    - RGCategory/NSAttributedString (= 0.0.7)
    - RGCategory/NSDate (= 0.0.7)
    - RGCategory/NSObject (= 0.0.7)
    - RGCategory/NSString (= 0.0.7)
    - RGCategory/RGView (= 0.0.7)
    - RGCategory/UIAlertView (= 0.0.7)
    - RGCategory/UIcolor (= 0.0.7)
    - RGCategory/UIDevice (= 0.0.7)
    - RGCategory/UIFont (= 0.0.7)
    - RGCategory/UIImage (= 0.0.7)
    - RGCategory/UIView (= 0.0.7)
  - RGCategory/CALayer (0.0.7)
  - RGCategory/Extension_MAS (0.0.7):
    - Masonry (~> 1.1.0)
  - RGCategory/NSArray (0.0.7)
  - RGCategory/NSAttributedString (0.0.7)
  - RGCategory/NSDate (0.0.7)
  - RGCategory/NSObject (0.0.7):
    - SDWebImage (~> 5.1.0)
  - RGCategory/NSString (0.0.7)
  - RGCategory/RGView (0.0.7)
  - RGCategory/UIAlertView (0.0.7)
  - RGCategory/UIcolor (0.0.7)
  - RGCategory/UIDevice (0.0.7):
    - SSKeychain (~> 1.2.3)
  - RGCategory/UIFont (0.0.7)
  - RGCategory/UIImage (0.0.7)
  - RGCategory/UIView (0.0.7)
  - SDWebImage (5.1.1):
    - SDWebImage/Core (= 5.1.1)
  - SDWebImage/Core (5.1.1)
  - SSKeychain (1.2.3)

DEPENDENCIES:
  - RGCategory (from `../`)

SPEC REPOS:
  https://github.com/CocoaPods/Specs.git:
    - Masonry
    - SDWebImage
    - SSKeychain

EXTERNAL SOURCES:
  RGCategory:
    :path: "../"

SPEC CHECKSUMS:
  Masonry: 678fab65091a9290e40e2832a55e7ab731aad201
  RGCategory: 9e5d2c6d00283f0c0845120c1f8af3e5f78486c0
  SDWebImage: 96d7f03415ccb28d299d765f93557ff8a617abd8
  SSKeychain: 3f42991739c6c60a9cf1bbd4dff6c0d3694bcf3d

PODFILE CHECKSUM: ba6ef99eee622b7c9ff9bdc48ecf89421c4bb5b6

COCOAPODS: 1.5.0
